
Microsoft Visual Studio Solution File, Format Version 12.00
# Visual Studio Version 17
VisualStudioVersion = 17.10.35013.160
MinimumVisualStudioVersion = 10.0.40219.1
Project("{9A19103F-16F7-4668-BE54-9A1E7A4F7556}") = "ERP", "ERP.csproj", "{0DBDE370-31D4-49FA-912E-4B632E860073}"
EndProject
Global
	GlobalSection(SolutionConfigurationPlatforms) = preSolution
		Debug|Any CPU = Debug|Any CPU
		Release|Any CPU = Release|Any CPU
	EndGlobalSection
	GlobalSection(ProjectConfigurationPlatforms) = postSolution
		{0DBDE370-31D4-49FA-912E-4B632E860073}.Debug|Any CPU.ActiveCfg = Debug|Any CPU
		{0DBDE370-31D4-49FA-912E-4B632E860073}.Debug|Any CPU.Build.0 = Debug|Any CPU
		{0DBDE370-31D4-49FA-912E-4B632E860073}.Release|Any CPU.ActiveCfg = Release|Any CPU
		{0DBDE370-31D4-49FA-912E-4B632E860073}.Release|Any CPU.Build.0 = Release|Any CPU
	EndGlobalSection
	GlobalSection(SolutionProperties) = preSolution
		HideSolutionNode = FALSE
	EndGlobalSection
	GlobalSection(ExtensibilityGlobals) = postSolution
		SolutionGuid = {3847F8B1-4105-4B84-81F4-26AB27F95DDE}
	EndGlobalSection
EndGlobal
